
Microsoft Visual Studio Solution File, Format Version 12.00
# Visual Studio 15
VisualStudioVersion = 15.0.27703.2047
MinimumVisualStudioVersion = 10.0.40219.1
Project("{FAE04EC0-301F-11D3-BF4B-00C04F79EFBC}") = "testWpfDataGrid", "testWpfDataGrid\testWpfDataGrid.csproj", "{A55E6D17-8F3E-4BA7-9E1C-4875D1F2109A}"
EndProject
Global
	GlobalSection(SolutionConfigurationPlatforms) = preSolution
		Debug|Any CPU = Debug|Any CPU
		Release|Any CPU = Release|Any CPU
	EndGlobalSection
	GlobalSection(ProjectConfigurationPlatforms) = postSolution
		{A55E6D17-8F3E-4BA7-9E1C-4875D1F2109A}.Debug|Any CPU.ActiveCfg = Debug|Any CPU
		{A55E6D17-8F3E-4BA7-9E1C-4875D1F2109A}.Debug|Any CPU.Build.0 = Debug|Any CPU
		{A55E6D17-8F3E-4BA7-9E1C-4875D1F2109A}.Release|Any CPU.ActiveCfg = Release|Any CPU
		{A55E6D17-8F3E-4BA7-9E1C-4875D1F2109A}.Release|Any CPU.Build.0 = Release|Any CPU
	EndGlobalSection
	GlobalSection(SolutionProperties) = preSolution
		HideSolutionNode = FALSE
	EndGlobalSection
	GlobalSection(ExtensibilityGlobals) = postSolution
		SolutionGuid = {5AEFB6D0-0469-4B97-BB28-DEDEB2F566DB}
	EndGlobalSection
EndGlobal
